
Microsoft Visual Studio Solution File, Format Version 12.00
# Visual Studio 15
VisualStudioVersion = 15.0.27130.0
MinimumVisualStudioVersion = 10.0.40219.1
Project("{FAE04EC0-301F-11D3-BF4B-00C04F79EFBC}") = "WeatherBot", "WeatherBot\WeatherBot.csproj", "{737C0B4E-02F4-4964-ABE4-307AE1DE25C0}"
EndProject
Global
	GlobalSection(SolutionConfigurationPlatforms) = preSolution
		Debug|Any CPU = Debug|Any CPU
		Release|Any CPU = Release|Any CPU
	EndGlobalSection
	GlobalSection(ProjectConfigurationPlatforms) = postSolution
		{737C0B4E-02F4-4964-ABE4-307AE1DE25C0}.Debug|Any CPU.ActiveCfg = Debug|Any CPU
		{737C0B4E-02F4-4964-ABE4-307AE1DE25C0}.Debug|Any CPU.Build.0 = Debug|Any CPU
		{737C0B4E-02F4-4964-ABE4-307AE1DE25C0}.Release|Any CPU.ActiveCfg = Release|Any CPU
		{737C0B4E-02F4-4964-ABE4-307AE1DE25C0}.Release|Any CPU.Build.0 = Release|Any CPU
	EndGlobalSection
	GlobalSection(SolutionProperties) = preSolution
		HideSolutionNode = FALSE
	EndGlobalSection
	GlobalSection(ExtensibilityGlobals) = postSolution
		SolutionGuid = {C37F9F8F-208C-4142-9EA5-9B1149CBB5B6}
	EndGlobalSection
EndGlobal
